// !$*UTF8*$!
{
	archiveVersion = 1;
	classes = {
	};
	objectVersion = 56;
	objects = {

/* Begin PBXBuildFile section */
		8E05FB102B04622100E43538 /* RMSettingsViewViewModel.swift in Sources */ = {isa = PBXBuildFile; fileRef = 8E05FB0F2B04622100E43538 /* RMSettingsViewViewModel.swift */; };
		8E05FB122B04625600E43538 /* RMSettingsCellViewModel.swift in Sources */ = {isa = PBXBuildFile; fileRef = 8E05FB112B04625600E43538 /* RMSettingsCellViewModel.swift */; };
		8E05FB142B0462C200E43538 /* RMSettingsOption.swift in Sources */ = {isa = PBXBuildFile; fileRef = 8E05FB132B0462C200E43538 /* RMSettingsOption.swift */; };
		8E05FB172B048A7E00E43538 /* RMSettingsView.swift in Sources */ = {isa = PBXBuildFile; fileRef = 8E05FB162B048A7E00E43538 /* RMSettingsView.swift */; };
		8E4F9D542B07C0AC00C10429 /* RMLocationDetailViewController.swift in Sources */ = {isa = PBXBuildFile; fileRef = 8E4F9D532B07C0AC00C10429 /* RMLocationDetailViewController.swift */; };
		8E4F9D572B07C25B00C10429 /* RMLocationDetailView.swift in Sources */ = {isa = PBXBuildFile; fileRef = 8E4F9D562B07C25B00C10429 /* RMLocationDetailView.swift */; };
		8E4F9D5A2B07C34E00C10429 /* RMLocationDetailViewViewModel.swift in Sources */ = {isa = PBXBuildFile; fileRef = 8E4F9D592B07C34E00C10429 /* RMLocationDetailViewViewModel.swift */; };
		8E6953662B058EA7003D9C66 /* RMLocationView.swift in Sources */ = {isa = PBXBuildFile; fileRef = 8E6953652B058EA7003D9C66 /* RMLocationView.swift */; };
		8E6953682B0595AC003D9C66 /* RMLocationViewViewModel.swift in Sources */ = {isa = PBXBuildFile; fileRef = 8E6953672B0595AC003D9C66 /* RMLocationViewViewModel.swift */; };
		8E69536A2B066EBB003D9C66 /* GetAllLocationsResponse.swift in Sources */ = {isa = PBXBuildFile; fileRef = 8E6953692B066EBB003D9C66 /* GetAllLocationsResponse.swift */; };
		8E69536C2B0671D1003D9C66 /* RMLocationTableViewCell.swift in Sources */ = {isa = PBXBuildFile; fileRef = 8E69536B2B0671D1003D9C66 /* RMLocationTableViewCell.swift */; };
		8E69536F2B067255003D9C66 /* RMLocationTableViewCellViewModel.swift in Sources */ = {isa = PBXBuildFile; fileRef = 8E69536E2B067255003D9C66 /* RMLocationTableViewCellViewModel.swift */; };
		8E8BDECE2B01E76E004E0042 /* RMAPICacheManager.swift in Sources */ = {isa = PBXBuildFile; fileRef = 8E8BDECD2B01E76E004E0042 /* RMAPICacheManager.swift */; };
		8E8BDED02B02628F004E0042 /* RMEpisodeDetailViewViewModel.swift in Sources */ = {isa = PBXBuildFile; fileRef = 8E8BDECF2B02628F004E0042 /* RMEpisodeDetailViewViewModel.swift */; };
		8E8BDED22B0262D3004E0042 /* RMEpisodeDetailView.swift in Sources */ = {isa = PBXBuildFile; fileRef = 8E8BDED12B0262D3004E0042 /* RMEpisodeDetailView.swift */; };
		8E8BDED52B02667B004E0042 /* RMEpisodeListView.swift in Sources */ = {isa = PBXBuildFile; fileRef = 8E8BDED42B02667B004E0042 /* RMEpisodeListView.swift */; };
		8E8BDED72B026ACC004E0042 /* RMEpisodeListViewViewModel.swift in Sources */ = {isa = PBXBuildFile; fileRef = 8E8BDED62B026ACC004E0042 /* RMEpisodeListViewViewModel.swift */; };
		8E8BDED92B0271CA004E0042 /* RMGetAllEpisodesResponse.swift in Sources */ = {isa = PBXBuildFile; fileRef = 8E8BDED82B0271CA004E0042 /* RMGetAllEpisodesResponse.swift */; };
		8E8BDEDB2B029D81004E0042 /* RMSearchViewController.swift in Sources */ = {isa = PBXBuildFile; fileRef = 8E8BDEDA2B029D81004E0042 /* RMSearchViewController.swift */; };
		8E8BDEDE2B041771004E0042 /* RMEpisodeInfoCollectionViewCellView.swift in Sources */ = {isa = PBXBuildFile; fileRef = 8E8BDEDD2B041771004E0042 /* RMEpisodeInfoCollectionViewCellView.swift */; };
		8E8BDEE12B0417A5004E0042 /* RMEpisodeInfoCollectionViewCellViewModel.swift in Sources */ = {isa = PBXBuildFile; fileRef = 8E8BDEE02B0417A5004E0042 /* RMEpisodeInfoCollectionViewCellViewModel.swift */; };
		8EAAF9362AFDCE8C00A369BA /* RMImageLoader.swift in Sources */ = {isa = PBXBuildFile; fileRef = 8EAAF9352AFDCE8C00A369BA /* RMImageLoader.swift */; };
		8EB65D582AEA063700F4F10C /* AppDelegate.swift in Sources */ = {isa = PBXBuildFile; fileRef = 8EB65D572AEA063700F4F10C /* AppDelegate.swift */; };
		8EB65D5A2AEA063700F4F10C /* SceneDelegate.swift in Sources */ = {isa = PBXBuildFile; fileRef = 8EB65D592AEA063700F4F10C /* SceneDelegate.swift */; };
		8EB65D5C2AEA063700F4F10C /* RMTabBarController.swift in Sources */ = {isa = PBXBuildFile; fileRef = 8EB65D5B2AEA063700F4F10C /* RMTabBarController.swift */; };
		8EB65D612AEA063800F4F10C /* Assets.xcassets in Resources */ = {isa = PBXBuildFile; fileRef = 8EB65D602AEA063800F4F10C /* Assets.xcassets */; };
		8EB65D642AEA063800F4F10C /* LaunchScreen.storyboard in Resources */ = {isa = PBXBuildFile; fileRef = 8EB65D622AEA063800F4F10C /* LaunchScreen.storyboard */; };
		8EB65D762AEABEE400F4F10C /* RMLocation.swift in Sources */ = {isa = PBXBuildFile; fileRef = 8EB65D752AEABEE400F4F10C /* RMLocation.swift */; };
		8EB65D782AEABEED00F4F10C /* RMCharacter.swift in Sources */ = {isa = PBXBuildFile; fileRef = 8EB65D772AEABEED00F4F10C /* RMCharacter.swift */; };
		8EB65D7A2AEABEFE00F4F10C /* RMEpisode.swift in Sources */ = {isa = PBXBuildFile; fileRef = 8EB65D792AEABEFE00F4F10C /* RMEpisode.swift */; };
		8EB65D7D2AEABF3C00F4F10C /* RMCharacterViewController.swift in Sources */ = {isa = PBXBuildFile; fileRef = 8EB65D7C2AEABF3C00F4F10C /* RMCharacterViewController.swift */; };
		8EB65D7F2AEABF4300F4F10C /* RMLocationViewController.swift in Sources */ = {isa = PBXBuildFile; fileRef = 8EB65D7E2AEABF4300F4F10C /* RMLocationViewController.swift */; };
		8EB65D812AEABF4A00F4F10C /* RMEpisodeViewController.swift in Sources */ = {isa = PBXBuildFile; fileRef = 8EB65D802AEABF4A00F4F10C /* RMEpisodeViewController.swift */; };
		8EB65D832AEABF5800F4F10C /* RMSettingsViewController.swift in Sources */ = {isa = PBXBuildFile; fileRef = 8EB65D822AEABF5800F4F10C /* RMSettingsViewController.swift */; };
		8EB65D852AEACB5100F4F10C /* RMService.swift in Sources */ = {isa = PBXBuildFile; fileRef = 8EB65D842AEACB5100F4F10C /* RMService.swift */; };
		8EB65D872AEACB5E00F4F10C /* RMRequest.swift in Sources */ = {isa = PBXBuildFile; fileRef = 8EB65D862AEACB5E00F4F10C /* RMRequest.swift */; };
		8EB65D892AEACBBD00F4F10C /* RMEndpoint.swift in Sources */ = {isa = PBXBuildFile; fileRef = 8EB65D882AEACBBD00F4F10C /* RMEndpoint.swift */; };
		8EB65D8B2AEAD08200F4F10C /* RMOrigin.swift in Sources */ = {isa = PBXBuildFile; fileRef = 8EB65D8A2AEAD08200F4F10C /* RMOrigin.swift */; };
		8EB65D8D2AEAD0CF00F4F10C /* RMSingleLocation.swift in Sources */ = {isa = PBXBuildFile; fileRef = 8EB65D8C2AEAD0CF00F4F10C /* RMSingleLocation.swift */; };
		8EB65D8F2AEAD1E300F4F10C /* RMCharacterStatus.swift in Sources */ = {isa = PBXBuildFile; fileRef = 8EB65D8E2AEAD1E300F4F10C /* RMCharacterStatus.swift */; };
		8EB65D912AEAD1F700F4F10C /* RMCharacterGender.swift in Sources */ = {isa = PBXBuildFile; fileRef = 8EB65D902AEAD1F700F4F10C /* RMCharacterGender.swift */; };
		8EB65D952AEBF0CC00F4F10C /* RMGetAllCharactersResponse.swift in Sources */ = {isa = PBXBuildFile; fileRef = 8EB65D942AEBF0CC00F4F10C /* RMGetAllCharactersResponse.swift */; };
		8EB65D972AEBF61800F4F10C /* RMCharacterListViewViewModel.swift in Sources */ = {isa = PBXBuildFile; fileRef = 8EB65D962AEBF61800F4F10C /* RMCharacterListViewViewModel.swift */; };
		8EB65D992AEBF67700F4F10C /* RMCharacterListView.swift in Sources */ = {isa = PBXBuildFile; fileRef = 8EB65D982AEBF67700F4F10C /* RMCharacterListView.swift */; };
		8EB65D9B2AEBFB2C00F4F10C /* Extensions.swift in Sources */ = {isa = PBXBuildFile; fileRef = 8EB65D9A2AEBFB2C00F4F10C /* Extensions.swift */; };
		8EB65D9D2AEDCC2100F4F10C /* RMCharacterCollectionViewCell.swift in Sources */ = {isa = PBXBuildFile; fileRef = 8EB65D9C2AEDCC2100F4F10C /* RMCharacterCollectionViewCell.swift */; };
		8EB65D9F2AEDCD0100F4F10C /* RMCharacterCollectionViewCellViewModel.swift in Sources */ = {isa = PBXBuildFile; fileRef = 8EB65D9E2AEDCD0100F4F10C /* RMCharacterCollectionViewCellViewModel.swift */; };
		8ED533CC2AF3F3030084FBE3 /* RMCharacterDetailViewController.swift in Sources */ = {isa = PBXBuildFile; fileRef = 8ED533CB2AF3F3030084FBE3 /* RMCharacterDetailViewController.swift */; };
		8ED533CE2AF3F3AB0084FBE3 /* RMCharacterDetailView.swift in Sources */ = {isa = PBXBuildFile; fileRef = 8ED533CD2AF3F3AB0084FBE3 /* RMCharacterDetailView.swift */; };
		8ED533D02AF3F3B60084FBE3 /* RMCharacterDetailViewViewModel.swift in Sources */ = {isa = PBXBuildFile; fileRef = 8ED533CF2AF3F3B60084FBE3 /* RMCharacterDetailViewViewModel.swift */; };
		8ED533D22AF586320084FBE3 /* RMFooterLoadingCollectionReusableView.swift in Sources */ = {isa = PBXBuildFile; fileRef = 8ED533D12AF586320084FBE3 /* RMFooterLoadingCollectionReusableView.swift */; };
		8EFF3A932B0119CD00A21682 /* RMCharacterPhotoCollectionViewCell.swift in Sources */ = {isa = PBXBuildFile; fileRef = 8EFF3A922B0119CD00A21682 /* RMCharacterPhotoCollectionViewCell.swift */; };
		8EFF3A952B0119DB00A21682 /* RMCharacterInfoCollectionViewCell.swift in Sources */ = {isa = PBXBuildFile; fileRef = 8EFF3A942B0119DB00A21682 /* RMCharacterInfoCollectionViewCell.swift */; };
		8EFF3A972B0119F700A21682 /* RMCharacterEpisodeCollectionViewCell.swift in Sources */ = {isa = PBXBuildFile; fileRef = 8EFF3A962B0119F700A21682 /* RMCharacterEpisodeCollectionViewCell.swift */; };
		8EFF3A9A2B011A5F00A21682 /* RMCharacterPhotoCollectionViewCellViewModel.swift in Sources */ = {isa = PBXBuildFile; fileRef = 8EFF3A992B011A5F00A21682 /* RMCharacterPhotoCollectionViewCellViewModel.swift */; };
		8EFF3A9C2B011A7300A21682 /* RMCharacterInfoCollectionViewCellViewModel.swift in Sources */ = {isa = PBXBuildFile; fileRef = 8EFF3A9B2B011A7300A21682 /* RMCharacterInfoCollectionViewCellViewModel.swift */; };
		8EFF3A9E2B011A8700A21682 /* RMCharacterEpisodeCollectionViewCellViewModel.swift in Sources */ = {isa = PBXBuildFile; fileRef = 8EFF3A9D2B011A8700A21682 /* RMCharacterEpisodeCollectionViewCellViewModel.swift */; };
		8EFF3AA02B01C67000A21682 /* RMEpisodeDetailViewController.swift in Sources */ = {isa = PBXBuildFile; fileRef = 8EFF3A9F2B01C67000A21682 /* RMEpisodeDetailViewController.swift */; };
/* End PBXBuildFile section */

/* Begin PBXFileReference section */
		8E05FB0F2B04622100E43538 /* RMSettingsViewViewModel.swift */ = {isa = PBXFileReference; lastKnownFileType = sourcecode.swift; path = RMSettingsViewViewModel.swift; sourceTree = "<group>"; };
		8E05FB112B04625600E43538 /* RMSettingsCellViewModel.swift */ = {isa = PBXFileReference; lastKnownFileType = sourcecode.swift; path = RMSettingsCellViewModel.swift; sourceTree = "<group>"; };
		8E05FB132B0462C200E43538 /* RMSettingsOption.swift */ = {isa = PBXFileReference; lastKnownFileType = sourcecode.swift; path = RMSettingsOption.swift; sourceTree = "<group>"; };
		8E05FB162B048A7E00E43538 /* RMSettingsView.swift */ = {isa = PBXFileReference; lastKnownFileType = sourcecode.swift; path = RMSettingsView.swift; sourceTree = "<group>"; };
		8E4F9D532B07C0AC00C10429 /* RMLocationDetailViewController.swift */ = {isa = PBXFileReference; lastKnownFileType = sourcecode.swift; path = RMLocationDetailViewController.swift; sourceTree = "<group>"; };
		8E4F9D562B07C25B00C10429 /* RMLocationDetailView.swift */ = {isa = PBXFileReference; lastKnownFileType = sourcecode.swift; path = RMLocationDetailView.swift; sourceTree = "<group>"; };
		8E4F9D592B07C34E00C10429 /* RMLocationDetailViewViewModel.swift */ = {isa = PBXFileReference; lastKnownFileType = sourcecode.swift; path = RMLocationDetailViewViewModel.swift; sourceTree = "<group>"; };
		8E6953652B058EA7003D9C66 /* RMLocationView.swift */ = {isa = PBXFileReference; lastKnownFileType = sourcecode.swift; path = RMLocationView.swift; sourceTree = "<group>"; };
		8E6953672B0595AC003D9C66 /* RMLocationViewViewModel.swift */ = {isa = PBXFileReference; lastKnownFileType = sourcecode.swift; path = RMLocationViewViewModel.swift; sourceTree = "<group>"; };
		8E6953692B066EBB003D9C66 /* GetAllLocationsResponse.swift */ = {isa = PBXFileReference; lastKnownFileType = sourcecode.swift; path = GetAllLocationsResponse.swift; sourceTree = "<group>"; };
		8E69536B2B0671D1003D9C66 /* RMLocationTableViewCell.swift */ = {isa = PBXFileReference; lastKnownFileType = sourcecode.swift; path = RMLocationTableViewCell.swift; sourceTree = "<group>"; };
		8E69536E2B067255003D9C66 /* RMLocationTableViewCellViewModel.swift */ = {isa = PBXFileReference; lastKnownFileType = sourcecode.swift; path = RMLocationTableViewCellViewModel.swift; sourceTree = "<group>"; };
		8E8BDECD2B01E76E004E0042 /* RMAPICacheManager.swift */ = {isa = PBXFileReference; lastKnownFileType = sourcecode.swift; path = RMAPICacheManager.swift; sourceTree = "<group>"; };
		8E8BDECF2B02628F004E0042 /* RMEpisodeDetailViewViewModel.swift */ = {isa = PBXFileReference; lastKnownFileType = sourcecode.swift; path = RMEpisodeDetailViewViewModel.swift; sourceTree = "<group>"; };
		8E8BDED12B0262D3004E0042 /* RMEpisodeDetailView.swift */ = {isa = PBXFileReference; lastKnownFileType = sourcecode.swift; path = RMEpisodeDetailView.swift; sourceTree = "<group>"; };
		8E8BDED42B02667B004E0042 /* RMEpisodeListView.swift */ = {isa = PBXFileReference; lastKnownFileType = sourcecode.swift; path = RMEpisodeListView.swift; sourceTree = "<group>"; };
		8E8BDED62B026ACC004E0042 /* RMEpisodeListViewViewModel.swift */ = {isa = PBXFileReference; lastKnownFileType = sourcecode.swift; path = RMEpisodeListViewViewModel.swift; sourceTree = "<group>"; };
		8E8BDED82B0271CA004E0042 /* RMGetAllEpisodesResponse.swift */ = {isa = PBXFileReference; lastKnownFileType = sourcecode.swift; path = RMGetAllEpisodesResponse.swift; sourceTree = "<group>"; };
		8E8BDEDA2B029D81004E0042 /* RMSearchViewController.swift */ = {isa = PBXFileReference; lastKnownFileType = sourcecode.swift; path = RMSearchViewController.swift; sourceTree = "<group>"; };
		8E8BDEDD2B041771004E0042 /* RMEpisodeInfoCollectionViewCellView.swift */ = {isa = PBXFileReference; lastKnownFileType = sourcecode.swift; path = RMEpisodeInfoCollectionViewCellView.swift; sourceTree = "<group>"; };
		8E8BDEE02B0417A5004E0042 /* RMEpisodeInfoCollectionViewCellViewModel.swift */ = {isa = PBXFileReference; lastKnownFileType = sourcecode.swift; path = RMEpisodeInfoCollectionViewCellViewModel.swift; sourceTree = "<group>"; };
		8EAAF9352AFDCE8C00A369BA /* RMImageLoader.swift */ = {isa = PBXFileReference; lastKnownFileType = sourcecode.swift; path = RMImageLoader.swift; sourceTree = "<group>"; };
		8EB65D542AEA063700F4F10C /* RickAndMorty.app */ = {isa = PBXFileReference; explicitFileType = wrapper.application; includeInIndex = 0; path = RickAndMorty.app; sourceTree = BUILT_PRODUCTS_DIR; };
		8EB65D572AEA063700F4F10C /* AppDelegate.swift */ = {isa = PBXFileReference; lastKnownFileType = sourcecode.swift; path = AppDelegate.swift; sourceTree = "<group>"; };
		8EB65D592AEA063700F4F10C /* SceneDelegate.swift */ = {isa = PBXFileReference; lastKnownFileType = sourcecode.swift; path = SceneDelegate.swift; sourceTree = "<group>"; };
		8EB65D5B2AEA063700F4F10C /* RMTabBarController.swift */ = {isa = PBXFileReference; lastKnownFileType = sourcecode.swift; path = RMTabBarController.swift; sourceTree = "<group>"; };
		8EB65D602AEA063800F4F10C /* Assets.xcassets */ = {isa = PBXFileReference; lastKnownFileType = folder.assetcatalog; path = Assets.xcassets; sourceTree = "<group>"; };
		8EB65D632AEA063800F4F10C /* Base */ = {isa = PBXFileReference; lastKnownFileType = file.storyboard; name = Base; path = Base.lproj/LaunchScreen.storyboard; sourceTree = "<group>"; };
		8EB65D652AEA063800F4F10C /* Info.plist */ = {isa = PBXFileReference; lastKnownFileType = text.plist.xml; path = Info.plist; sourceTree = "<group>"; };
		8EB65D752AEABEE400F4F10C /* RMLocation.swift */ = {isa = PBXFileReference; lastKnownFileType = sourcecode.swift; path = RMLocation.swift; sourceTree = "<group>"; };
		8EB65D772AEABEED00F4F10C /* RMCharacter.swift */ = {isa = PBXFileReference; lastKnownFileType = sourcecode.swift; path = RMCharacter.swift; sourceTree = "<group>"; };
		8EB65D792AEABEFE00F4F10C /* RMEpisode.swift */ = {isa = PBXFileReference; lastKnownFileType = sourcecode.swift; path = RMEpisode.swift; sourceTree = "<group>"; };
		8EB65D7C2AEABF3C00F4F10C /* RMCharacterViewController.swift */ = {isa = PBXFileReference; lastKnownFileType = sourcecode.swift; path = RMCharacterViewController.swift; sourceTree = "<group>"; };
		8EB65D7E2AEABF4300F4F10C /* RMLocationViewController.swift */ = {isa = PBXFileReference; lastKnownFileType = sourcecode.swift; path = RMLocationViewController.swift; sourceTree = "<group>"; };
		8EB65D802AEABF4A00F4F10C /* RMEpisodeViewController.swift */ = {isa = PBXFileReference; lastKnownFileType = sourcecode.swift; path = RMEpisodeViewController.swift; sourceTree = "<group>"; };
		8EB65D822AEABF5800F4F10C /* RMSettingsViewController.swift */ = {isa = PBXFileReference; lastKnownFileType = sourcecode.swift; path = RMSettingsViewController.swift; sourceTree = "<group>"; };
		8EB65D842AEACB5100F4F10C /* RMService.swift */ = {isa = PBXFileReference; lastKnownFileType = sourcecode.swift; path = RMService.swift; sourceTree = "<group>"; };
		8EB65D862AEACB5E00F4F10C /* RMRequest.swift */ = {isa = PBXFileReference; lastKnownFileType = sourcecode.swift; path = RMRequest.swift; sourceTree = "<group>"; };
		8EB65D882AEACBBD00F4F10C /* RMEndpoint.swift */ = {isa = PBXFileReference; lastKnownFileType = sourcecode.swift; path = RMEndpoint.swift; sourceTree = "<group>"; };
		8EB65D8A2AEAD08200F4F10C /* RMOrigin.swift */ = {isa = PBXFileReference; lastKnownFileType = sourcecode.swift; path = RMOrigin.swift; sourceTree = "<group>"; };
		8EB65D8C2AEAD0CF00F4F10C /* RMSingleLocation.swift */ = {isa = PBXFileReference; lastKnownFileType = sourcecode.swift; path = RMSingleLocation.swift; sourceTree = "<group>"; };
		8EB65D8E2AEAD1E300F4F10C /* RMCharacterStatus.swift */ = {isa = PBXFileReference; lastKnownFileType = sourcecode.swift; path = RMCharacterStatus.swift; sourceTree = "<group>"; };
		8EB65D902AEAD1F700F4F10C /* RMCharacterGender.swift */ = {isa = PBXFileReference; lastKnownFileType = sourcecode.swift; path = RMCharacterGender.swift; sourceTree = "<group>"; };
		8EB65D942AEBF0CC00F4F10C /* RMGetAllCharactersResponse.swift */ = {isa = PBXFileReference; lastKnownFileType = sourcecode.swift; path = RMGetAllCharactersResponse.swift; sourceTree = "<group>"; };
		8EB65D962AEBF61800F4F10C /* RMCharacterListViewViewModel.swift */ = {isa = PBXFileReference; lastKnownFileType = sourcecode.swift; path = RMCharacterListViewViewModel.swift; sourceTree = "<group>"; };
		8EB65D982AEBF67700F4F10C /* RMCharacterListView.swift */ = {isa = PBXFileReference; lastKnownFileType = sourcecode.swift; path = RMCharacterListView.swift; sourceTree = "<group>"; };
		8EB65D9A2AEBFB2C00F4F10C /* Extensions.swift */ = {isa = PBXFileReference; lastKnownFileType = sourcecode.swift; path = Extensions.swift; sourceTree = "<group>"; };
		8EB65D9C2AEDCC2100F4F10C /* RMCharacterCollectionViewCell.swift */ = {isa = PBXFileReference; lastKnownFileType = sourcecode.swift; path = RMCharacterCollectionViewCell.swift; sourceTree = "<group>"; };
		8EB65D9E2AEDCD0100F4F10C /* RMCharacterCollectionViewCellViewModel.swift */ = {isa = PBXFileReference; lastKnownFileType = sourcecode.swift; path = RMCharacterCollectionViewCellViewModel.swift; sourceTree = "<group>"; };
		8ED533CB2AF3F3030084FBE3 /* RMCharacterDetailViewController.swift */ = {isa = PBXFileReference; lastKnownFileType = sourcecode.swift; path = RMCharacterDetailViewController.swift; sourceTree = "<group>"; };
		8ED533CD2AF3F3AB0084FBE3 /* RMCharacterDetailView.swift */ = {isa = PBXFileReference; lastKnownFileType = sourcecode.swift; path = RMCharacterDetailView.swift; sourceTree = "<group>"; };
		8ED533CF2AF3F3B60084FBE3 /* RMCharacterDetailViewViewModel.swift */ = {isa = PBXFileReference; lastKnownFileType = sourcecode.swift; path = RMCharacterDetailViewViewModel.swift; sourceTree = "<group>"; };
		8ED533D12AF586320084FBE3 /* RMFooterLoadingCollectionReusableView.swift */ = {isa = PBXFileReference; lastKnownFileType = sourcecode.swift; path = RMFooterLoadingCollectionReusableView.swift; sourceTree = "<group>"; };
		8EFF3A922B0119CD00A21682 /* RMCharacterPhotoCollectionViewCell.swift */ = {isa = PBXFileReference; lastKnownFileType = sourcecode.swift; path = RMCharacterPhotoCollectionViewCell.swift; sourceTree = "<group>"; };
		8EFF3A942B0119DB00A21682 /* RMCharacterInfoCollectionViewCell.swift */ = {isa = PBXFileReference; lastKnownFileType = sourcecode.swift; path = RMCharacterInfoCollectionViewCell.swift; sourceTree = "<group>"; };
		8EFF3A962B0119F700A21682 /* RMCharacterEpisodeCollectionViewCell.swift */ = {isa = PBXFileReference; lastKnownFileType = sourcecode.swift; path = RMCharacterEpisodeCollectionViewCell.swift; sourceTree = "<group>"; };
		8EFF3A992B011A5F00A21682 /* RMCharacterPhotoCollectionViewCellViewModel.swift */ = {isa = PBXFileReference; lastKnownFileType = sourcecode.swift; path = RMCharacterPhotoCollectionViewCellViewModel.swift; sourceTree = "<group>"; };
		8EFF3A9B2B011A7300A21682 /* RMCharacterInfoCollectionViewCellViewModel.swift */ = {isa = PBXFileReference; lastKnownFileType = sourcecode.swift; path = RMCharacterInfoCollectionViewCellViewModel.swift; sourceTree = "<group>"; };
		8EFF3A9D2B011A8700A21682 /* RMCharacterEpisodeCollectionViewCellViewModel.swift */ = {isa = PBXFileReference; lastKnownFileType = sourcecode.swift; path = RMCharacterEpisodeCollectionViewCellViewModel.swift; sourceTree = "<group>"; };
		8EFF3A9F2B01C67000A21682 /* RMEpisodeDetailViewController.swift */ = {isa = PBXFileReference; lastKnownFileType = sourcecode.swift; path = RMEpisodeDetailViewController.swift; sourceTree = "<group>"; };
/* End PBXFileReference section */

/* Begin PBXFrameworksBuildPhase section */
		8EB65D512AEA063700F4F10C /* Frameworks */ = {
			isa = PBXFrameworksBuildPhase;
			buildActionMask = 2147483647;
			files = (
			);
			runOnlyForDeploymentPostprocessing = 0;
		};
/* End PBXFrameworksBuildPhase section */

/* Begin PBXGroup section */
		8E05FB0D2B04620500E43538 /* Settings */ = {
			isa = PBXGroup;
			children = (
			);
			path = Settings;
			sourceTree = "<group>";
		};
		8E05FB0E2B04620E00E43538 /* Settings */ = {
			isa = PBXGroup;
			children = (
				8E05FB0F2B04622100E43538 /* RMSettingsViewViewModel.swift */,
				8E05FB112B04625600E43538 /* RMSettingsCellViewModel.swift */,
				8E05FB132B0462C200E43538 /* RMSettingsOption.swift */,
			);
			path = Settings;
			sourceTree = "<group>";
		};
		8E05FB152B048A6000E43538 /* SwiftUI */ = {
			isa = PBXGroup;
			children = (
				8E05FB162B048A7E00E43538 /* RMSettingsView.swift */,
			);
			path = SwiftUI;
			sourceTree = "<group>";
		};
		8E4F9D552B07C24000C10429 /* LocationDetails */ = {
			isa = PBXGroup;
			children = (
				8E4F9D562B07C25B00C10429 /* RMLocationDetailView.swift */,
			);
			path = LocationDetails;
			sourceTree = "<group>";
		};
		8E6953642B058E9B003D9C66 /* Location */ = {
			isa = PBXGroup;
			children = (
				8E6953652B058EA7003D9C66 /* RMLocationView.swift */,
				8E69536B2B0671D1003D9C66 /* RMLocationTableViewCell.swift */,
			);
			path = Location;
			sourceTree = "<group>";
		};
		8E69536D2B067229003D9C66 /* Locations */ = {
			isa = PBXGroup;
			children = (
				8E6953672B0595AC003D9C66 /* RMLocationViewViewModel.swift */,
				8E69536E2B067255003D9C66 /* RMLocationTableViewCellViewModel.swift */,
				8E4F9D592B07C34E00C10429 /* RMLocationDetailViewViewModel.swift */,
			);
			path = Locations;
			sourceTree = "<group>";
		};
		8E8BDED32B026663004E0042 /* Episode */ = {
			isa = PBXGroup;
			children = (
				8E8BDED42B02667B004E0042 /* RMEpisodeListView.swift */,
			);
			path = Episode;
			sourceTree = "<group>";
		};
		8E8BDEDC2B041747004E0042 /* EpisodeDetails */ = {
			isa = PBXGroup;
			children = (
				8E8BDED12B0262D3004E0042 /* RMEpisodeDetailView.swift */,
				8E8BDEDD2B041771004E0042 /* RMEpisodeInfoCollectionViewCellView.swift */,
			);
			path = EpisodeDetails;
			sourceTree = "<group>";
		};
		8E8BDEDF2B041797004E0042 /* EpisodeDetail */ = {
			isa = PBXGroup;
			children = (
				8E8BDECF2B02628F004E0042 /* RMEpisodeDetailViewViewModel.swift */,
				8E8BDEE02B0417A5004E0042 /* RMEpisodeInfoCollectionViewCellViewModel.swift */,
			);
			path = EpisodeDetail;
			sourceTree = "<group>";
		};
		8EB65D4B2AEA063700F4F10C = {
			isa = PBXGroup;
			children = (
				8EB65D562AEA063700F4F10C /* RickAndMorty */,
				8EB65D552AEA063700F4F10C /* Products */,
			);
			sourceTree = "<group>";
		};
		8EB65D552AEA063700F4F10C /* Products */ = {
			isa = PBXGroup;
			children = (
				8EB65D542AEA063700F4F10C /* RickAndMorty.app */,
			);
			name = Products;
			sourceTree = "<group>";
		};
		8EB65D562AEA063700F4F10C /* RickAndMorty */ = {
			isa = PBXGroup;
			children = (
				8EB65D742AEABD7E00F4F10C /* Resources */,
				8EB65D732AEABD6D00F4F10C /* Managers */,
				8EB65D722AEABD6700F4F10C /* APIClient */,
				8EB65D6F2AEAACA200F4F10C /* ViewModels */,
				8EB65D712AEAACF900F4F10C /* Views */,
				8EB65D6C2AEAAC4900F4F10C /* Models */,
				8EB65D6B2AEAAC4300F4F10C /* Controllers */,
				8EB65D652AEA063800F4F10C /* Info.plist */,
			);
			path = RickAndMorty;
			sourceTree = "<group>";
		};
		8EB65D6B2AEAAC4300F4F10C /* Controllers */ = {
			isa = PBXGroup;
			children = (
				8ED533CA2AF3F2B00084FBE3 /* Other */,
				8EB65D7B2AEABF2200F4F10C /* Core */,
			);
			path = Controllers;
			sourceTree = "<group>";
		};
		8EB65D6C2AEAAC4900F4F10C /* Models */ = {
			isa = PBXGroup;
			children = (
				8EB65D932AEBF0B600F4F10C /* APIResponseTypes */,
				8EB65D922AEBF0AA00F4F10C /* DataTypes */,
			);
			path = Models;
			sourceTree = "<group>";
		};
		8EB65D6F2AEAACA200F4F10C /* ViewModels */ = {
			isa = PBXGroup;
			children = (
				8E69536D2B067229003D9C66 /* Locations */,
				8E05FB0E2B04620E00E43538 /* Settings */,
				8E8BDEDF2B041797004E0042 /* EpisodeDetail */,
				8EFF3A982B011A0E00A21682 /* CharacterDetails */,
				8EB65D962AEBF61800F4F10C /* RMCharacterListViewViewModel.swift */,
				8EB65D9E2AEDCD0100F4F10C /* RMCharacterCollectionViewCellViewModel.swift */,
				8E8BDED62B026ACC004E0042 /* RMEpisodeListViewViewModel.swift */,
			);
			path = ViewModels;
			sourceTree = "<group>";
		};
		8EB65D712AEAACF900F4F10C /* Views */ = {
			isa = PBXGroup;
			children = (
				8E4F9D552B07C24000C10429 /* LocationDetails */,
				8E6953642B058E9B003D9C66 /* Location */,
				8E05FB152B048A6000E43538 /* SwiftUI */,
				8E05FB0D2B04620500E43538 /* Settings */,
				8E8BDEDC2B041747004E0042 /* EpisodeDetails */,
				8E8BDED32B026663004E0042 /* Episode */,
				8EFF3A912B0119A600A21682 /* CharacterDetails */,
				8EFF3A902B01199D00A21682 /* Character */,
				8ED533D12AF586320084FBE3 /* RMFooterLoadingCollectionReusableView.swift */,
			);
			path = Views;
			sourceTree = "<group>";
		};
		8EB65D722AEABD6700F4F10C /* APIClient */ = {
			isa = PBXGroup;
			children = (
				8EB65D842AEACB5100F4F10C /* RMService.swift */,
				8EB65D862AEACB5E00F4F10C /* RMRequest.swift */,
				8EB65D882AEACBBD00F4F10C /* RMEndpoint.swift */,
			);
			path = APIClient;
			sourceTree = "<group>";
		};
		8EB65D732AEABD6D00F4F10C /* Managers */ = {
			isa = PBXGroup;
			children = (
				8EAAF9352AFDCE8C00A369BA /* RMImageLoader.swift */,
				8E8BDECD2B01E76E004E0042 /* RMAPICacheManager.swift */,
			);
			path = Managers;
			sourceTree = "<group>";
		};
		8EB65D742AEABD7E00F4F10C /* Resources */ = {
			isa = PBXGroup;
			children = (
				8EB65D602AEA063800F4F10C /* Assets.xcassets */,
				8EB65D622AEA063800F4F10C /* LaunchScreen.storyboard */,
				8EB65D572AEA063700F4F10C /* AppDelegate.swift */,
				8EB65D592AEA063700F4F10C /* SceneDelegate.swift */,
				8EB65D9A2AEBFB2C00F4F10C /* Extensions.swift */,
			);
			path = Resources;
			sourceTree = "<group>";
		};
		8EB65D7B2AEABF2200F4F10C /* Core */ = {
			isa = PBXGroup;
			children = (
				8EB65D5B2AEA063700F4F10C /* RMTabBarController.swift */,
				8EB65D7C2AEABF3C00F4F10C /* RMCharacterViewController.swift */,
				8EB65D7E2AEABF4300F4F10C /* RMLocationViewController.swift */,
				8EB65D802AEABF4A00F4F10C /* RMEpisodeViewController.swift */,
				8EB65D822AEABF5800F4F10C /* RMSettingsViewController.swift */,
			);
			path = Core;
			sourceTree = "<group>";
		};
		8EB65D922AEBF0AA00F4F10C /* DataTypes */ = {
			isa = PBXGroup;
			children = (
				8EB65D752AEABEE400F4F10C /* RMLocation.swift */,
				8EB65D772AEABEED00F4F10C /* RMCharacter.swift */,
				8EB65D792AEABEFE00F4F10C /* RMEpisode.swift */,
				8EB65D8A2AEAD08200F4F10C /* RMOrigin.swift */,
				8EB65D8C2AEAD0CF00F4F10C /* RMSingleLocation.swift */,
				8EB65D8E2AEAD1E300F4F10C /* RMCharacterStatus.swift */,
				8EB65D902AEAD1F700F4F10C /* RMCharacterGender.swift */,
			);
			path = DataTypes;
			sourceTree = "<group>";
		};
		8EB65D932AEBF0B600F4F10C /* APIResponseTypes */ = {
			isa = PBXGroup;
			children = (
				8EB65D942AEBF0CC00F4F10C /* RMGetAllCharactersResponse.swift */,
				8E8BDED82B0271CA004E0042 /* RMGetAllEpisodesResponse.swift */,
				8E6953692B066EBB003D9C66 /* GetAllLocationsResponse.swift */,
			);
			path = APIResponseTypes;
			sourceTree = "<group>";
		};
		8ED533CA2AF3F2B00084FBE3 /* Other */ = {
			isa = PBXGroup;
			children = (
				8ED533CB2AF3F3030084FBE3 /* RMCharacterDetailViewController.swift */,
				8EFF3A9F2B01C67000A21682 /* RMEpisodeDetailViewController.swift */,
				8E8BDEDA2B029D81004E0042 /* RMSearchViewController.swift */,
				8E4F9D532B07C0AC00C10429 /* RMLocationDetailViewController.swift */,
			);
			path = Other;
			sourceTree = "<group>";
		};
		8EFF3A902B01199D00A21682 /* Character */ = {
			isa = PBXGroup;
			children = (
				8EB65D982AEBF67700F4F10C /* RMCharacterListView.swift */,
				8EB65D9C2AEDCC2100F4F10C /* RMCharacterCollectionViewCell.swift */,
			);
			path = Character;
			sourceTree = "<group>";
		};
		8EFF3A912B0119A600A21682 /* CharacterDetails */ = {
			isa = PBXGroup;
			children = (
				8ED533CD2AF3F3AB0084FBE3 /* RMCharacterDetailView.swift */,
				8EFF3A922B0119CD00A21682 /* RMCharacterPhotoCollectionViewCell.swift */,
				8EFF3A942B0119DB00A21682 /* RMCharacterInfoCollectionViewCell.swift */,
				8EFF3A962B0119F700A21682 /* RMCharacterEpisodeCollectionViewCell.swift */,
			);
			path = CharacterDetails;
			sourceTree = "<group>";
		};
		8EFF3A982B011A0E00A21682 /* CharacterDetails */ = {
			isa = PBXGroup;
			children = (
				8ED533CF2AF3F3B60084FBE3 /* RMCharacterDetailViewViewModel.swift */,
				8EFF3A992B011A5F00A21682 /* RMCharacterPhotoCollectionViewCellViewModel.swift */,
				8EFF3A9B2B011A7300A21682 /* RMCharacterInfoCollectionViewCellViewModel.swift */,
				8EFF3A9D2B011A8700A21682 /* RMCharacterEpisodeCollectionViewCellViewModel.swift */,
			);
			path = CharacterDetails;
			sourceTree = "<group>";
		};
/* End PBXGroup section */

/* Begin PBXNativeTarget section */
		8EB65D532AEA063700F4F10C /* RickAndMorty */ = {
			isa = PBXNativeTarget;
			buildConfigurationList = 8EB65D682AEA063800F4F10C /* Build configuration list for PBXNativeTarget "RickAndMorty" */;
			buildPhases = (
				8EB65D502AEA063700F4F10C /* Sources */,
				8EB65D512AEA063700F4F10C /* Frameworks */,
				8EB65D522AEA063700F4F10C /* Resources */,
			);
			buildRules = (
			);
			dependencies = (
			);
			name = RickAndMorty;
			productName = RickAndMorty;
			productReference = 8EB65D542AEA063700F4F10C /* RickAndMorty.app */;
			productType = "com.apple.product-type.application";
		};
/* End PBXNativeTarget section */

/* Begin PBXProject section */
		8EB65D4C2AEA063700F4F10C /* Project object */ = {
			isa = PBXProject;
			attributes = {
				BuildIndependentTargetsInParallel = 1;
				LastSwiftUpdateCheck = 1500;
				LastUpgradeCheck = 1500;
				TargetAttributes = {
					8EB65D532AEA063700F4F10C = {
						CreatedOnToolsVersion = 15.0.1;
					};
				};
			};
			buildConfigurationList = 8EB65D4F2AEA063700F4F10C /* Build configuration list for PBXProject "RickAndMorty" */;
			compatibilityVersion = "Xcode 14.0";
			developmentRegion = en;
			hasScannedForEncodings = 0;
			knownRegions = (
				en,
				Base,
			);
			mainGroup = 8EB65D4B2AEA063700F4F10C;
			productRefGroup = 8EB65D552AEA063700F4F10C /* Products */;
			projectDirPath = "";
			projectRoot = "";
			targets = (
				8EB65D532AEA063700F4F10C /* RickAndMorty */,
			);
		};
/* End PBXProject section */

/* Begin PBXResourcesBuildPhase section */
		8EB65D522AEA063700F4F10C /* Resources */ = {
			isa = PBXResourcesBuildPhase;
			buildActionMask = 2147483647;
			files = (
				8EB65D642AEA063800F4F10C /* LaunchScreen.storyboard in Resources */,
				8EB65D612AEA063800F4F10C /* Assets.xcassets in Resources */,
			);
			runOnlyForDeploymentPostprocessing = 0;
		};
/* End PBXResourcesBuildPhase section */

/* Begin PBXSourcesBuildPhase section */
		8EB65D502AEA063700F4F10C /* Sources */ = {
			isa = PBXSourcesBuildPhase;
			buildActionMask = 2147483647;
			files = (
				8E8BDEDE2B041771004E0042 /* RMEpisodeInfoCollectionViewCellView.swift in Sources */,
				8EB65D7F2AEABF4300F4F10C /* RMLocationViewController.swift in Sources */,
				8ED533D02AF3F3B60084FBE3 /* RMCharacterDetailViewViewModel.swift in Sources */,
				8EB65D8D2AEAD0CF00F4F10C /* RMSingleLocation.swift in Sources */,
				8E8BDEDB2B029D81004E0042 /* RMSearchViewController.swift in Sources */,
				8EB65D992AEBF67700F4F10C /* RMCharacterListView.swift in Sources */,
				8EB65D952AEBF0CC00F4F10C /* RMGetAllCharactersResponse.swift in Sources */,
				8EB65D8F2AEAD1E300F4F10C /* RMCharacterStatus.swift in Sources */,
				8E4F9D5A2B07C34E00C10429 /* RMLocationDetailViewViewModel.swift in Sources */,
				8EB65D912AEAD1F700F4F10C /* RMCharacterGender.swift in Sources */,
				8ED533CC2AF3F3030084FBE3 /* RMCharacterDetailViewController.swift in Sources */,
				8ED533D22AF586320084FBE3 /* RMFooterLoadingCollectionReusableView.swift in Sources */,
				8E8BDED52B02667B004E0042 /* RMEpisodeListView.swift in Sources */,
				8EB65D7A2AEABEFE00F4F10C /* RMEpisode.swift in Sources */,
				8EB65D5C2AEA063700F4F10C /* RMTabBarController.swift in Sources */,
				8E05FB102B04622100E43538 /* RMSettingsViewViewModel.swift in Sources */,
				8E69536C2B0671D1003D9C66 /* RMLocationTableViewCell.swift in Sources */,
				8EFF3A952B0119DB00A21682 /* RMCharacterInfoCollectionViewCell.swift in Sources */,
				8EB65D812AEABF4A00F4F10C /* RMEpisodeViewController.swift in Sources */,
				8EB65D9D2AEDCC2100F4F10C /* RMCharacterCollectionViewCell.swift in Sources */,
				8E05FB142B0462C200E43538 /* RMSettingsOption.swift in Sources */,
				8E69536A2B066EBB003D9C66 /* GetAllLocationsResponse.swift in Sources */,
				8EFF3A9C2B011A7300A21682 /* RMCharacterInfoCollectionViewCellViewModel.swift in Sources */,
				8EB65D582AEA063700F4F10C /* AppDelegate.swift in Sources */,
				8E4F9D542B07C0AC00C10429 /* RMLocationDetailViewController.swift in Sources */,
				8EAAF9362AFDCE8C00A369BA /* RMImageLoader.swift in Sources */,
				8EB65D5A2AEA063700F4F10C /* SceneDelegate.swift in Sources */,
				8EB65D832AEABF5800F4F10C /* RMSettingsViewController.swift in Sources */,
				8EB65D852AEACB5100F4F10C /* RMService.swift in Sources */,
				8E05FB122B04625600E43538 /* RMSettingsCellViewModel.swift in Sources */,
				8E05FB172B048A7E00E43538 /* RMSettingsView.swift in Sources */,
				8EFF3A9E2B011A8700A21682 /* RMCharacterEpisodeCollectionViewCellViewModel.swift in Sources */,
				8EFF3A932B0119CD00A21682 /* RMCharacterPhotoCollectionViewCell.swift in Sources */,
				8EB65D9B2AEBFB2C00F4F10C /* Extensions.swift in Sources */,
				8EFF3A9A2B011A5F00A21682 /* RMCharacterPhotoCollectionViewCellViewModel.swift in Sources */,
				8EB65D762AEABEE400F4F10C /* RMLocation.swift in Sources */,
				8EB65D8B2AEAD08200F4F10C /* RMOrigin.swift in Sources */,
				8EB65D892AEACBBD00F4F10C /* RMEndpoint.swift in Sources */,
				8EFF3AA02B01C67000A21682 /* RMEpisodeDetailViewController.swift in Sources */,
				8E4F9D572B07C25B00C10429 /* RMLocationDetailView.swift in Sources */,
				8E69536F2B067255003D9C66 /* RMLocationTableViewCellViewModel.swift in Sources */,
				8E8BDED22B0262D3004E0042 /* RMEpisodeDetailView.swift in Sources */,
				8EB65D782AEABEED00F4F10C /* RMCharacter.swift in Sources */,
				8EB65D9F2AEDCD0100F4F10C /* RMCharacterCollectionViewCellViewModel.swift in Sources */,
				8EB65D872AEACB5E00F4F10C /* RMRequest.swift in Sources */,
				8EB65D972AEBF61800F4F10C /* RMCharacterListViewViewModel.swift in Sources */,
				8EFF3A972B0119F700A21682 /* RMCharacterEpisodeCollectionViewCell.swift in Sources */,
				8E6953662B058EA7003D9C66 /* RMLocationView.swift in Sources */,
				8EB65D7D2AEABF3C00F4F10C /* RMCharacterViewController.swift in Sources */,
				8E8BDED72B026ACC004E0042 /* RMEpisodeListViewViewModel.swift in Sources */,
				8E8BDECE2B01E76E004E0042 /* RMAPICacheManager.swift in Sources */,
				8E8BDEE12B0417A5004E0042 /* RMEpisodeInfoCollectionViewCellViewModel.swift in Sources */,
				8E8BDED92B0271CA004E0042 /* RMGetAllEpisodesResponse.swift in Sources */,
				8E8BDED02B02628F004E0042 /* RMEpisodeDetailViewViewModel.swift in Sources */,
				8ED533CE2AF3F3AB0084FBE3 /* RMCharacterDetailView.swift in Sources */,
				8E6953682B0595AC003D9C66 /* RMLocationViewViewModel.swift in Sources */,
			);
			runOnlyForDeploymentPostprocessing = 0;
		};
/* End PBXSourcesBuildPhase section */

/* Begin PBXVariantGroup section */
		8EB65D622AEA063800F4F10C /* LaunchScreen.storyboard */ = {
			isa = PBXVariantGroup;
			children = (
				8EB65D632AEA063800F4F10C /* Base */,
			);
			name = LaunchScreen.storyboard;
			sourceTree = "<group>";
		};
/* End PBXVariantGroup section */

/* Begin XCBuildConfiguration section */
		8EB65D662AEA063800F4F10C /* Debug */ = {
			isa = XCBuildConfiguration;
			buildSettings = {
				ALWAYS_SEARCH_USER_PATHS = NO;
				ASSETCATALOG_COMPILER_GENERATE_SWIFT_ASSET_SYMBOL_EXTENSIONS = YES;
				CLANG_ANALYZER_NONNULL = YES;
				CLANG_ANALYZER_NUMBER_OBJECT_CONVERSION = YES_AGGRESSIVE;
				CLANG_CXX_LANGUAGE_STANDARD = "gnu++20";
				CLANG_ENABLE_MODULES = YES;
				CLANG_ENABLE_OBJC_ARC = YES;
				CLANG_ENABLE_OBJC_WEAK = YES;
				CLANG_WARN_BLOCK_CAPTURE_AUTORELEASING = YES;
				CLANG_WARN_BOOL_CONVERSION = YES;
				CLANG_WARN_COMMA = YES;
				CLANG_WARN_CONSTANT_CONVERSION = YES;
				CLANG_WARN_DEPRECATED_OBJC_IMPLEMENTATIONS = YES;
				CLANG_WARN_DIRECT_OBJC_ISA_USAGE = YES_ERROR;
				CLANG_WARN_DOCUMENTATION_COMMENTS = YES;
				CLANG_WARN_EMPTY_BODY = YES;
				CLANG_WARN_ENUM_CONVERSION = YES;
				CLANG_WARN_INFINITE_RECURSION = YES;
				CLANG_WARN_INT_CONVERSION = YES;
				CLANG_WARN_NON_LITERAL_NULL_CONVERSION = YES;
				CLANG_WARN_OBJC_IMPLICIT_RETAIN_SELF = YES;
				CLANG_WARN_OBJC_LITERAL_CONVERSION = YES;
				CLANG_WARN_OBJC_ROOT_CLASS = YES_ERROR;
				CLANG_WARN_QUOTED_INCLUDE_IN_FRAMEWORK_HEADER = YES;
				CLANG_WARN_RANGE_LOOP_ANALYSIS = YES;
				CLANG_WARN_STRICT_PROTOTYPES = YES;
				CLANG_WARN_SUSPICIOUS_MOVE = YES;
				CLANG_WARN_UNGUARDED_AVAILABILITY = YES_AGGRESSIVE;
				CLANG_WARN_UNREACHABLE_CODE = YES;
				CLANG_WARN__DUPLICATE_METHOD_MATCH = YES;
				COPY_PHASE_STRIP = NO;
				DEBUG_INFORMATION_FORMAT = dwarf;
				ENABLE_STRICT_OBJC_MSGSEND = YES;
				ENABLE_TESTABILITY = YES;
				ENABLE_USER_SCRIPT_SANDBOXING = YES;
				GCC_C_LANGUAGE_STANDARD = gnu17;
				GCC_DYNAMIC_NO_PIC = NO;
				GCC_NO_COMMON_BLOCKS = YES;
				GCC_OPTIMIZATION_LEVEL = 0;
				GCC_PREPROCESSOR_DEFINITIONS = (
					"DEBUG=1",
					"$(inherited)",
				);
				GCC_WARN_64_TO_32_BIT_CONVERSION = YES;
				GCC_WARN_ABOUT_RETURN_TYPE = YES_ERROR;
				GCC_WARN_UNDECLARED_SELECTOR = YES;
				GCC_WARN_UNINITIALIZED_AUTOS = YES_AGGRESSIVE;
				GCC_WARN_UNUSED_FUNCTION = YES;
				GCC_WARN_UNUSED_VARIABLE = YES;
				IPHONEOS_DEPLOYMENT_TARGET = 17.0;
				LOCALIZATION_PREFERS_STRING_CATALOGS = YES;
				MTL_ENABLE_DEBUG_INFO = INCLUDE_SOURCE;
				MTL_FAST_MATH = YES;
				ONLY_ACTIVE_ARCH = YES;
				SDKROOT = iphoneos;
				SWIFT_ACTIVE_COMPILATION_CONDITIONS = "DEBUG $(inherited)";
				SWIFT_OPTIMIZATION_LEVEL = "-Onone";
			};
			name = Debug;
		};
		8EB65D672AEA063800F4F10C /* Release */ = {
			isa = XCBuildConfiguration;
			buildSettings = {
				ALWAYS_SEARCH_USER_PATHS = NO;
				ASSETCATALOG_COMPILER_GENERATE_SWIFT_ASSET_SYMBOL_EXTENSIONS = YES;
				CLANG_ANALYZER_NONNULL = YES;
				CLANG_ANALYZER_NUMBER_OBJECT_CONVERSION = YES_AGGRESSIVE;
				CLANG_CXX_LANGUAGE_STANDARD = "gnu++20";
				CLANG_ENABLE_MODULES = YES;
				CLANG_ENABLE_OBJC_ARC = YES;
				CLANG_ENABLE_OBJC_WEAK = YES;
				CLANG_WARN_BLOCK_CAPTURE_AUTORELEASING = YES;
				CLANG_WARN_BOOL_CONVERSION = YES;
				CLANG_WARN_COMMA = YES;
				CLANG_WARN_CONSTANT_CONVERSION = YES;
				CLANG_WARN_DEPRECATED_OBJC_IMPLEMENTATIONS = YES;
				CLANG_WARN_DIRECT_OBJC_ISA_USAGE = YES_ERROR;
				CLANG_WARN_DOCUMENTATION_COMMENTS = YES;
				CLANG_WARN_EMPTY_BODY = YES;
				CLANG_WARN_ENUM_CONVERSION = YES;
				CLANG_WARN_INFINITE_RECURSION = YES;
				CLANG_WARN_INT_CONVERSION = YES;
				CLANG_WARN_NON_LITERAL_NULL_CONVERSION = YES;
				CLANG_WARN_OBJC_IMPLICIT_RETAIN_SELF = YES;
				CLANG_WARN_OBJC_LITERAL_CONVERSION = YES;
				CLANG_WARN_OBJC_ROOT_CLASS = YES_ERROR;
				CLANG_WARN_QUOTED_INCLUDE_IN_FRAMEWORK_HEADER = YES;
				CLANG_WARN_RANGE_LOOP_ANALYSIS = YES;
				CLANG_WARN_STRICT_PROTOTYPES = YES;
				CLANG_WARN_SUSPICIOUS_MOVE = YES;
				CLANG_WARN_UNGUARDED_AVAILABILITY = YES_AGGRESSIVE;
				CLANG_WARN_UNREACHABLE_CODE = YES;
				CLANG_WARN__DUPLICATE_METHOD_MATCH = YES;
				COPY_PHASE_STRIP = NO;
				DEBUG_INFORMATION_FORMAT = "dwarf-with-dsym";
				ENABLE_NS_ASSERTIONS = NO;
				ENABLE_STRICT_OBJC_MSGSEND = YES;
				ENABLE_USER_SCRIPT_SANDBOXING = YES;
				GCC_C_LANGUAGE_STANDARD = gnu17;
				GCC_NO_COMMON_BLOCKS = YES;
				GCC_WARN_64_TO_32_BIT_CONVERSION = YES;
				GCC_WARN_ABOUT_RETURN_TYPE = YES_ERROR;
				GCC_WARN_UNDECLARED_SELECTOR = YES;
				GCC_WARN_UNINITIALIZED_AUTOS = YES_AGGRESSIVE;
				GCC_WARN_UNUSED_FUNCTION = YES;
				GCC_WARN_UNUSED_VARIABLE = YES;
				IPHONEOS_DEPLOYMENT_TARGET = 17.0;
				LOCALIZATION_PREFERS_STRING_CATALOGS = YES;
				MTL_ENABLE_DEBUG_INFO = NO;
				MTL_FAST_MATH = YES;
				SDKROOT = iphoneos;
				SWIFT_COMPILATION_MODE = wholemodule;
				VALIDATE_PRODUCT = YES;
			};
			name = Release;
		};
		8EB65D692AEA063800F4F10C /* Debug */ = {
			isa = XCBuildConfiguration;
			buildSettings = {
				ASSETCATALOG_COMPILER_APPICON_NAME = AppIcon;
				ASSETCATALOG_COMPILER_GLOBAL_ACCENT_COLOR_NAME = AccentColor;
				CODE_SIGN_STYLE = Automatic;
				CURRENT_PROJECT_VERSION = 1;
				GENERATE_INFOPLIST_FILE = YES;
				INFOPLIST_FILE = RickAndMorty/Info.plist;
				INFOPLIST_KEY_CFBundleDisplayName = "Rick & Morty";
				INFOPLIST_KEY_LSApplicationCategoryType = "public.app-category.education";
				INFOPLIST_KEY_UIApplicationSupportsIndirectInputEvents = YES;
				INFOPLIST_KEY_UILaunchStoryboardName = LaunchScreen;
				INFOPLIST_KEY_UISupportedInterfaceOrientations_iPad = "UIInterfaceOrientationPortrait UIInterfaceOrientationPortraitUpsideDown UIInterfaceOrientationLandscapeLeft UIInterfaceOrientationLandscapeRight";
				INFOPLIST_KEY_UISupportedInterfaceOrientations_iPhone = "UIInterfaceOrientationPortrait UIInterfaceOrientationLandscapeLeft UIInterfaceOrientationLandscapeRight";
				LD_RUNPATH_SEARCH_PATHS = (
					"$(inherited)",
					"@executable_path/Frameworks",
				);
				MARKETING_VERSION = 1.0;
				PRODUCT_BUNDLE_IDENTIFIER = io.skysmith.RickAndMorty;
				PRODUCT_NAME = "$(TARGET_NAME)";
				SWIFT_EMIT_LOC_STRINGS = YES;
				SWIFT_VERSION = 5.0;
				TARGETED_DEVICE_FAMILY = "1,2";
			};
			name = Debug;
		};
		8EB65D6A2AEA063800F4F10C /* Release */ = {
			isa = XCBuildConfiguration;
			buildSettings = {
				ASSETCATALOG_COMPILER_APPICON_NAME = AppIcon;
				ASSETCATALOG_COMPILER_GLOBAL_ACCENT_COLOR_NAME = AccentColor;
				CODE_SIGN_STYLE = Automatic;
				CURRENT_PROJECT_VERSION = 1;
				GENERATE_INFOPLIST_FILE = YES;
				INFOPLIST_FILE = RickAndMorty/Info.plist;
				INFOPLIST_KEY_CFBundleDisplayName = "Rick & Morty";
				INFOPLIST_KEY_LSApplicationCategoryType = "public.app-category.education";
				INFOPLIST_KEY_UIApplicationSupportsIndirectInputEvents = YES;
				INFOPLIST_KEY_UILaunchStoryboardName = LaunchScreen;
				INFOPLIST_KEY_UISupportedInterfaceOrientations_iPad = "UIInterfaceOrientationPortrait UIInterfaceOrientationPortraitUpsideDown UIInterfaceOrientationLandscapeLeft UIInterfaceOrientationLandscapeRight";
				INFOPLIST_KEY_UISupportedInterfaceOrientations_iPhone = "UIInterfaceOrientationPortrait UIInterfaceOrientationLandscapeLeft UIInterfaceOrientationLandscapeRight";
				LD_RUNPATH_SEARCH_PATHS = (
					"$(inherited)",
					"@executable_path/Frameworks",
				);
				MARKETING_VERSION = 1.0;
				PRODUCT_BUNDLE_IDENTIFIER = io.skysmith.RickAndMorty;
				PRODUCT_NAME = "$(TARGET_NAME)";
				SWIFT_EMIT_LOC_STRINGS = YES;
				SWIFT_VERSION = 5.0;
				TARGETED_DEVICE_FAMILY = "1,2";
			};
			name = Release;
		};
/* End XCBuildConfiguration section */

/* Begin XCConfigurationList section */
		8EB65D4F2AEA063700F4F10C /* Build configuration list for PBXProject "RickAndMorty" */ = {
			isa = XCConfigurationList;
			buildConfigurations = (
				8EB65D662AEA063800F4F10C /* Debug */,
				8EB65D672AEA063800F4F10C /* Release */,
			);
			defaultConfigurationIsVisible = 0;
			defaultConfigurationName = Release;
		};
		8EB65D682AEA063800F4F10C /* Build configuration list for PBXNativeTarget "RickAndMorty" */ = {
			isa = XCConfigurationList;
			buildConfigurations = (
				8EB65D692AEA063800F4F10C /* Debug */,
				8EB65D6A2AEA063800F4F10C /* Release */,
			);
			defaultConfigurationIsVisible = 0;
			defaultConfigurationName = Release;
		};
/* End XCConfigurationList section */
	};
	rootObject = 8EB65D4C2AEA063700F4F10C /* Project object */;
}
